
Microsoft Visual Studio Solution File, Format Version 12.00
# Visual Studio Version 16
VisualStudioVersion = 16.0.30011.22
MinimumVisualStudioVersion = 10.0.40219.1
Project("{FAE04EC0-301F-11D3-BF4B-00C04F79EFBC}") = "B2CMultiTenant", "B2CMultiTenant.csproj", "{B0B55831-AEA3-4B1B-B0B5-34E065BB974C}"
EndProject
Global
	GlobalSection(SolutionConfigurationPlatforms) = preSolution
		Debug|Any CPU = Debug|Any CPU
		Release|Any CPU = Release|Any CPU
	EndGlobalSection
	GlobalSection(ProjectConfigurationPlatforms) = postSolution
		{B0B55831-AEA3-4B1B-B0B5-34E065BB974C}.Debug|Any CPU.ActiveCfg = Debug|Any CPU
		{B0B55831-AEA3-4B1B-B0B5-34E065BB974C}.Debug|Any CPU.Build.0 = Debug|Any CPU
		{B0B55831-AEA3-4B1B-B0B5-34E065BB974C}.Release|Any CPU.ActiveCfg = Release|Any CPU
		{B0B55831-AEA3-4B1B-B0B5-34E065BB974C}.Release|Any CPU.Build.0 = Release|Any CPU
	EndGlobalSection
	GlobalSection(SolutionProperties) = preSolution
		HideSolutionNode = FALSE
	EndGlobalSection
	GlobalSection(ExtensibilityGlobals) = postSolution
		SolutionGuid = {A33CB751-4D05-42C0-9B4F-3FC7A411E677}
	EndGlobalSection
EndGlobal
